# THIS IS AN AUTOGENERATED FILE. DO NOT EDIT THIS FILE DIRECTLY.
# yarn lockfile v1


"@auth/core@0.37.2":
  version "0.37.2"
  resolved "https://registry.yarnpkg.com/@auth/core/-/core-0.37.2.tgz#0db8a94a076846bd88eb7f9273618513e2285cb2"
  integrity sha512-kUvzyvkcd6h1vpeMAojK2y7+PAV5H+0Cc9+ZlKYDFhDY31AlvsB+GW5vNO4qE3Y07KeQgvNO9U0QUx/fN62kBw==
  dependencies:
    "@panva/hkdf" "^1.2.1"
    "@types/cookie" "0.6.0"
    cookie "0.7.1"
    jose "^5.9.3"
    oauth4webapi "^3.0.0"
    preact "10.11.3"
    preact-render-to-string "5.2.3"

"@panva/hkdf@^1.2.1":
  version "1.2.1"
  resolved "https://registry.yarnpkg.com/@panva/hkdf/-/hkdf-1.2.1.tgz#cb0d111ef700136f4580349ff0226bf25c853f23"
  integrity sha512-6oclG6Y3PiDFcoyk8srjLfVKyMfVCKJ27JwNPViuXziFpmdz+MZnZN/aKY0JGXgYuO/VghU0jcOAZgWXZ1Dmrw==

"@types/cookie@0.6.0":
  version "0.6.0"
  resolved "https://registry.yarnpkg.com/@types/cookie/-/cookie-0.6.0.tgz#eac397f28bf1d6ae0ae081363eca2f425bedf0d5"
  integrity sha512-4Kh9a6B2bQciAhf7FSuMRRkUWecJgJu9nPnx3yzpsfXX/c50REIqpHY4C82bXP90qrLtXtkDxTZosYO3UpOwlA==

cookie@0.7.1:
  version "0.7.1"
  resolved "https://registry.yarnpkg.com/cookie/-/cookie-0.7.1.tgz#2f73c42142d5d5cf71310a74fc4ae61670e5dbc9"
  integrity sha512-6DnInpx7SJ2AK3+CTUE/ZM0vWTUboZCegxhC2xiIydHR9jNuTAASBrfEpHhiGOZw/nX51bHt6YQl8jsGo4y/0w==

jose@^5.9.3:
  version "5.9.6"
  resolved "https://registry.yarnpkg.com/jose/-/jose-5.9.6.tgz#77f1f901d88ebdc405e57cce08d2a91f47521883"
  integrity sha512-AMlnetc9+CV9asI19zHmrgS/WYsWUwCn2R7RzlbJWD7F9eWYUTGyBmU9o6PxngtLGOiDGPRu+Uc4fhKzbpteZQ==

next-auth@^5.0.0-beta.25:
  version "5.0.0-beta.25"
  resolved "https://registry.yarnpkg.com/next-auth/-/next-auth-5.0.0-beta.25.tgz#3a9f9734e1d8fa5ced545360f1afc24862cb92d5"
  integrity sha512-2dJJw1sHQl2qxCrRk+KTQbeH+izFbGFPuJj5eGgBZFYyiYYtvlrBeUw1E/OJJxTRjuxbSYGnCTkUIRsIIW0bog==
  dependencies:
    "@auth/core" "0.37.2"

oauth4webapi@^3.0.0:
  version "3.1.2"
  resolved "https://registry.yarnpkg.com/oauth4webapi/-/oauth4webapi-3.1.2.tgz#f14d9f50c045d9e1091b610b6994a5b113e98dc6"
  integrity sha512-KQZkNU+xn02lWrFu5Vjqg9E81yPtDSxUZorRHlLWVoojD+H/0GFbH59kcnz5Thdjj7c4/mYMBPj/mhvGe/kKXA==

preact-render-to-string@5.2.3:
  version "5.2.3"
  resolved "https://registry.yarnpkg.com/preact-render-to-string/-/preact-render-to-string-5.2.3.tgz#23d17376182af720b1060d5a4099843c7fe92fe4"
  integrity sha512-aPDxUn5o3GhWdtJtW0svRC2SS/l8D9MAgo2+AWml+BhDImb27ALf04Q2d+AHqUUOc6RdSXFIBVa2gxzgMKgtZA==
  dependencies:
    pretty-format "^3.8.0"

preact@10.11.3:
  version "10.11.3"
  resolved "https://registry.yarnpkg.com/preact/-/preact-10.11.3.tgz#8a7e4ba19d3992c488b0785afcc0f8aa13c78d19"
  integrity sha512-eY93IVpod/zG3uMF22Unl8h9KkrcKIRs2EGar8hwLZZDU1lkjph303V9HZBwufh2s736U6VXuhD109LYqPoffg==

pretty-format@^3.8.0:
  version "3.8.0"
  resolved "https://registry.yarnpkg.com/pretty-format/-/pretty-format-3.8.0.tgz#bfbed56d5e9a776645f4b1ff7aa1a3ac4fa3c385"
  integrity sha512-WuxUnVtlWL1OfZFQFuqvnvs6MiAGk9UNsBostyBOB0Is9wb5uRESevA6rnl/rkksXaGX3GzZhPup5d6Vp1nFew==

react-hook-form@^7.53.2:
  version "7.53.2"
  resolved "https://registry.yarnpkg.com/react-hook-form/-/react-hook-form-7.53.2.tgz#6fa37ae27330af81089baadd7f322cc987b8e2ac"
  integrity sha512-YVel6fW5sOeedd1524pltpHX+jgU2u3DSDtXEaBORNdqiNrsX/nUI/iGXONegttg0mJVnfrIkiV0cmTU6Oo2xw==
