# THIS IS AN AUTOGENERATED FILE. DO NOT EDIT THIS FILE DIRECTLY.
# yarn lockfile v1


react-hook-form@^7.53.2:
  version "7.53.2"
  resolved "https://registry.yarnpkg.com/react-hook-form/-/react-hook-form-7.53.2.tgz#6fa37ae27330af81089baadd7f322cc987b8e2ac"
  integrity sha512-YVel6fW5sOeedd1524pltpHX+jgU2u3DSDtXEaBORNdqiNrsX/nUI/iGXONegttg0mJVnfrIkiV0cmTU6Oo2xw==
